PODS:
  - ObjCPPFramework (0.0.6)
  - SwiftFramework (0.1.0):
    - ObjCPPFramework (= 0.0.6)

DEPENDENCIES:
  - SwiftFramework (from `../`)

SPEC REPOS:
  https://github.com/jgch88/iosPods.git:
    - ObjCPPFramework

EXTERNAL SOURCES:
  SwiftFramework:
    :path: "../"

SPEC CHECKSUMS:
  ObjCPPFramework: f22f559f44dc320ff7f03a8fc6353ef024769261
  SwiftFramework: 8b3df61d5891c0b0f7d08e74e1a6f0cfac471e0c

PODFILE CHECKSUM: 1c3f193982170a07848e8078d9408cad8e3d5fe6

COCOAPODS: 1.8.4
